
Microsoft Visual Studio Solution File, Format Version 12.00
# Visual Studio Version 17
VisualStudioVersion = 17.0.32014.148
MinimumVisualStudioVersion = 10.0.40219.1
Project("{FAE04EC0-301F-11D3-BF4B-00C04F79EFBC}") = "WcfServiceLibrary", "WcfServiceLibrary\WcfServiceLibrary.csproj", "{546DD7A5-6C7A-4F81-82F9-1D46A8172E51}"
EndProject
Project("{FAE04EC0-301F-11D3-BF4B-00C04F79EFBC}") = "MathsLibrary", "MathsLibrary\MathsLibrary.csproj", "{132D5594-8686-46D9-9DA0-B1B6825FA4DC}"
EndProject
Global
	GlobalSection(SolutionConfigurationPlatforms) = preSolution
		Debug|Any CPU = Debug|Any CPU
		Release|Any CPU = Release|Any CPU
	EndGlobalSection
	GlobalSection(ProjectConfigurationPlatforms) = postSolution
		{546DD7A5-6C7A-4F81-82F9-1D46A8172E51}.Debug|Any CPU.ActiveCfg = Debug|Any CPU
		{546DD7A5-6C7A-4F81-82F9-1D46A8172E51}.Debug|Any CPU.Build.0 = Debug|Any CPU
		{546DD7A5-6C7A-4F81-82F9-1D46A8172E51}.Release|Any CPU.ActiveCfg = Release|Any CPU
		{546DD7A5-6C7A-4F81-82F9-1D46A8172E51}.Release|Any CPU.Build.0 = Release|Any CPU
		{132D5594-8686-46D9-9DA0-B1B6825FA4DC}.Debug|Any CPU.ActiveCfg = Debug|Any CPU
		{132D5594-8686-46D9-9DA0-B1B6825FA4DC}.Debug|Any CPU.Build.0 = Debug|Any CPU
		{132D5594-8686-46D9-9DA0-B1B6825FA4DC}.Release|Any CPU.ActiveCfg = Release|Any CPU
		{132D5594-8686-46D9-9DA0-B1B6825FA4DC}.Release|Any CPU.Build.0 = Release|Any CPU
	EndGlobalSection
	GlobalSection(SolutionProperties) = preSolution
		HideSolutionNode = FALSE
	EndGlobalSection
	GlobalSection(ExtensibilityGlobals) = postSolution
		SolutionGuid = {9F016E6B-83BE-4458-B687-775B83F81B66}
	EndGlobalSection
EndGlobal
